
Microsoft Visual Studio Solution File, Format Version 12.00
Project("{FAE04EC0-301F-11D3-BF4B-00C04F79EFBC}") = "Closet.MCP.Server", "Closet.MCP.Server\Closet.MCP.Server.csproj", "{F367C8B7-FE2E-4034-9F2C-CDF6B8A3562C}"
EndProject
Project("{FAE04EC0-301F-11D3-BF4B-00C04F79EFBC}") = "Closet.MCP.Core", "Closet.MCP.Core\Closet.MCP.Core.csproj", "{0DBCD2AB-2BD9-434F-9B03-63C12DADD5BA}"
EndProject
Global
	GlobalSection(SolutionConfigurationPlatforms) = preSolution
		Debug|Any CPU = Debug|Any CPU
		Release|Any CPU = Release|Any CPU
	EndGlobalSection
	GlobalSection(ProjectConfigurationPlatforms) = postSolution
		{F367C8B7-FE2E-4034-9F2C-CDF6B8A3562C}.Debug|Any CPU.ActiveCfg = Debug|Any CPU
		{F367C8B7-FE2E-4034-9F2C-CDF6B8A3562C}.Debug|Any CPU.Build.0 = Debug|Any CPU
		{F367C8B7-FE2E-4034-9F2C-CDF6B8A3562C}.Release|Any CPU.ActiveCfg = Release|Any CPU
		{F367C8B7-FE2E-4034-9F2C-CDF6B8A3562C}.Release|Any CPU.Build.0 = Release|Any CPU
		{0DBCD2AB-2BD9-434F-9B03-63C12DADD5BA}.Debug|Any CPU.ActiveCfg = Debug|Any CPU
		{0DBCD2AB-2BD9-434F-9B03-63C12DADD5BA}.Debug|Any CPU.Build.0 = Debug|Any CPU
		{0DBCD2AB-2BD9-434F-9B03-63C12DADD5BA}.Release|Any CPU.ActiveCfg = Release|Any CPU
		{0DBCD2AB-2BD9-434F-9B03-63C12DADD5BA}.Release|Any CPU.Build.0 = Release|Any CPU
	EndGlobalSection
EndGlobal
